
Microsoft Visual Studio Solution File, Format Version 12.00
# Visual Studio Version 17
VisualStudioVersion = 17.0.31903.59
MinimumVisualStudioVersion = 10.0.40219.1
Project("{2150E333-8FDC-42A3-9474-1A3956D46DE8}") = "POS.Main", "POS.Main", "{8C12619F-C022-C7E5-F4B3-CADFE37ACCF9}"
EndProject
Project("{FAE04EC0-301F-11D3-BF4B-00C04F79EFBC}") = "POS.Main.Core", "POS.Main\POS.Main.Core\POS.Main.Core.csproj", "{1FE68C80-F4B6-48F8-8947-EE1F73501E84}"
EndProject
Project("{FAE04EC0-301F-11D3-BF4B-00C04F79EFBC}") = "POS.Main.Dal", "POS.Main\POS.Main.Dal\POS.Main.Dal.csproj", "{1CB59E74-454C-4151-A833-9D32ECF376E9}"
EndProject
Project("{FAE04EC0-301F-11D3-BF4B-00C04F79EFBC}") = "POS.Main.Repositories", "POS.Main\POS.Main.Repositories\POS.Main.Repositories.csproj", "{0D112CA7-C9D9-407A-AF17-1FEB4FE54604}"
EndProject
Project("{FAE04EC0-301F-11D3-BF4B-00C04F79EFBC}") = "POS.Main.Business.Admin", "POS.Main\POS.Main.Business.Admin\POS.Main.Business.Admin.csproj", "{0753452A-EDDB-403B-8B50-5B5A8F69BFBA}"
EndProject
Project("{FAE04EC0-301F-11D3-BF4B-00C04F79EFBC}") = "RBMS.POS.WebAPI", "POS.Main\RBMS.POS.WebAPI\RBMS.POS.WebAPI.csproj", "{A3BB4D15-C3FD-4638-8E10-666B3BEF5D49}"
EndProject
Project("{FAE04EC0-301F-11D3-BF4B-00C04F79EFBC}") = "POS.Main.Business.Menu", "POS.Main\POS.Main.Business.Menu\POS.Main.Business.Menu.csproj", "{09653709-DAD2-4684-99D4-86D787ECF010}"
EndProject
Project("{FAE04EC0-301F-11D3-BF4B-00C04F79EFBC}") = "POS.Main.Business.HumanResource", "POS.Main\POS.Main.Business.HumanResource\POS.Main.Business.HumanResource.csproj", "{51852EF5-9A94-4023-943F-ADE886EB788E}"
EndProject
Project("{FAE04EC0-301F-11D3-BF4B-00C04F79EFBC}") = "POS.Main.Business.Order", "POS.Main\POS.Main.Business.Order\POS.Main.Business.Order.csproj", "{C0C6B763-4753-418D-B608-A46041E6ADF2}"
EndProject
Project("{FAE04EC0-301F-11D3-BF4B-00C04F79EFBC}") = "POS.Main.Business.Payment", "POS.Main\POS.Main.Business.Payment\POS.Main.Business.Payment.csproj", "{B8894266-0143-4C76-A4F1-1797DFEA5CA2}"
EndProject
Project("{FAE04EC0-301F-11D3-BF4B-00C04F79EFBC}") = "POS.Main.Business.Notification", "POS.Main\POS.Main.Business.Notification\POS.Main.Business.Notification.csproj", "{33C5769F-8E9F-4B1F-B894-02579D225117}"
EndProject
Global
	GlobalSection(SolutionConfigurationPlatforms) = preSolution
		Debug|Any CPU = Debug|Any CPU
		Debug|x64 = Debug|x64
		Debug|x86 = Debug|x86
		Release|Any CPU = Release|Any CPU
		Release|x64 = Release|x64
		Release|x86 = Release|x86
	EndGlobalSection
	GlobalSection(ProjectConfigurationPlatforms) = postSolution
		{1FE68C80-F4B6-48F8-8947-EE1F73501E84}.Debug|Any CPU.ActiveCfg = Debug|Any CPU
		{1FE68C80-F4B6-48F8-8947-EE1F73501E84}.Debug|Any CPU.Build.0 = Debug|Any CPU
		{1FE68C80-F4B6-48F8-8947-EE1F73501E84}.Debug|x64.ActiveCfg = Debug|Any CPU
		{1FE68C80-F4B6-48F8-8947-EE1F73501E84}.Debug|x64.Build.0 = Debug|Any CPU
		{1FE68C80-F4B6-48F8-8947-EE1F73501E84}.Debug|x86.ActiveCfg = Debug|Any CPU
		{1FE68C80-F4B6-48F8-8947-EE1F73501E84}.Debug|x86.Build.0 = Debug|Any CPU
		{1FE68C80-F4B6-48F8-8947-EE1F73501E84}.Release|Any CPU.ActiveCfg = Release|Any CPU
		{1FE68C80-F4B6-48F8-8947-EE1F73501E84}.Release|Any CPU.Build.0 = Release|Any CPU
		{1FE68C80-F4B6-48F8-8947-EE1F73501E84}.Release|x64.ActiveCfg = Release|Any CPU
		{1FE68C80-F4B6-48F8-8947-EE1F73501E84}.Release|x64.Build.0 = Release|Any CPU
		{1FE68C80-F4B6-48F8-8947-EE1F73501E84}.Release|x86.ActiveCfg = Release|Any CPU
		{1FE68C80-F4B6-48F8-8947-EE1F73501E84}.Release|x86.Build.0 = Release|Any CPU
		{1CB59E74-454C-4151-A833-9D32ECF376E9}.Debug|Any CPU.ActiveCfg = Debug|Any CPU
		{1CB59E74-454C-4151-A833-9D32ECF376E9}.Debug|Any CPU.Build.0 = Debug|Any CPU
		{1CB59E74-454C-4151-A833-9D32ECF376E9}.Debug|x64.ActiveCfg = Debug|Any CPU
		{1CB59E74-454C-4151-A833-9D32ECF376E9}.Debug|x64.Build.0 = Debug|Any CPU
		{1CB59E74-454C-4151-A833-9D32ECF376E9}.Debug|x86.ActiveCfg = Debug|Any CPU
		{1CB59E74-454C-4151-A833-9D32ECF376E9}.Debug|x86.Build.0 = Debug|Any CPU
		{1CB59E74-454C-4151-A833-9D32ECF376E9}.Release|Any CPU.ActiveCfg = Release|Any CPU
		{1CB59E74-454C-4151-A833-9D32ECF376E9}.Release|Any CPU.Build.0 = Release|Any CPU
		{1CB59E74-454C-4151-A833-9D32ECF376E9}.Release|x64.ActiveCfg = Release|Any CPU
		{1CB59E74-454C-4151-A833-9D32ECF376E9}.Release|x64.Build.0 = Release|Any CPU
		{1CB59E74-454C-4151-A833-9D32ECF376E9}.Release|x86.ActiveCfg = Release|Any CPU
		{1CB59E74-454C-4151-A833-9D32ECF376E9}.Release|x86.Build.0 = Release|Any CPU
		{0D112CA7-C9D9-407A-AF17-1FEB4FE54604}.Debug|Any CPU.ActiveCfg = Debug|Any CPU
		{0D112CA7-C9D9-407A-AF17-1FEB4FE54604}.Debug|Any CPU.Build.0 = Debug|Any CPU
		{0D112CA7-C9D9-407A-AF17-1FEB4FE54604}.Debug|x64.ActiveCfg = Debug|Any CPU
		{0D112CA7-C9D9-407A-AF17-1FEB4FE54604}.Debug|x64.Build.0 = Debug|Any CPU
		{0D112CA7-C9D9-407A-AF17-1FEB4FE54604}.Debug|x86.ActiveCfg = Debug|Any CPU
		{0D112CA7-C9D9-407A-AF17-1FEB4FE54604}.Debug|x86.Build.0 = Debug|Any CPU
		{0D112CA7-C9D9-407A-AF17-1FEB4FE54604}.Release|Any CPU.ActiveCfg = Release|Any CPU
		{0D112CA7-C9D9-407A-AF17-1FEB4FE54604}.Release|Any CPU.Build.0 = Release|Any CPU
		{0D112CA7-C9D9-407A-AF17-1FEB4FE54604}.Release|x64.ActiveCfg = Release|Any CPU
		{0D112CA7-C9D9-407A-AF17-1FEB4FE54604}.Release|x64.Build.0 = Release|Any CPU
		{0D112CA7-C9D9-407A-AF17-1FEB4FE54604}.Release|x86.ActiveCfg = Release|Any CPU
		{0D112CA7-C9D9-407A-AF17-1FEB4FE54604}.Release|x86.Build.0 = Release|Any CPU
		{0753452A-EDDB-403B-8B50-5B5A8F69BFBA}.Debug|Any CPU.ActiveCfg = Debug|Any CPU
		{0753452A-EDDB-403B-8B50-5B5A8F69BFBA}.Debug|Any CPU.Build.0 = Debug|Any CPU
		{0753452A-EDDB-403B-8B50-5B5A8F69BFBA}.Debug|x64.ActiveCfg = Debug|Any CPU
		{0753452A-EDDB-403B-8B50-5B5A8F69BFBA}.Debug|x64.Build.0 = Debug|Any CPU
		{0753452A-EDDB-403B-8B50-5B5A8F69BFBA}.Debug|x86.ActiveCfg = Debug|Any CPU
		{0753452A-EDDB-403B-8B50-5B5A8F69BFBA}.Debug|x86.Build.0 = Debug|Any CPU
		{0753452A-EDDB-403B-8B50-5B5A8F69BFBA}.Release|Any CPU.ActiveCfg = Release|Any CPU
		{0753452A-EDDB-403B-8B50-5B5A8F69BFBA}.Release|Any CPU.Build.0 = Release|Any CPU
		{0753452A-EDDB-403B-8B50-5B5A8F69BFBA}.Release|x64.ActiveCfg = Release|Any CPU
		{0753452A-EDDB-403B-8B50-5B5A8F69BFBA}.Release|x64.Build.0 = Release|Any CPU
		{0753452A-EDDB-403B-8B50-5B5A8F69BFBA}.Release|x86.ActiveCfg = Release|Any CPU
		{0753452A-EDDB-403B-8B50-5B5A8F69BFBA}.Release|x86.Build.0 = Release|Any CPU
		{A3BB4D15-C3FD-4638-8E10-666B3BEF5D49}.Debug|Any CPU.ActiveCfg = Debug|Any CPU
		{A3BB4D15-C3FD-4638-8E10-666B3BEF5D49}.Debug|Any CPU.Build.0 = Debug|Any CPU
		{A3BB4D15-C3FD-4638-8E10-666B3BEF5D49}.Debug|x64.ActiveCfg = Debug|Any CPU
		{A3BB4D15-C3FD-4638-8E10-666B3BEF5D49}.Debug|x64.Build.0 = Debug|Any CPU
		{A3BB4D15-C3FD-4638-8E10-666B3BEF5D49}.Debug|x86.ActiveCfg = Debug|Any CPU
		{A3BB4D15-C3FD-4638-8E10-666B3BEF5D49}.Debug|x86.Build.0 = Debug|Any CPU
		{A3BB4D15-C3FD-4638-8E10-666B3BEF5D49}.Release|Any CPU.ActiveCfg = Release|Any CPU
		{A3BB4D15-C3FD-4638-8E10-666B3BEF5D49}.Release|Any CPU.Build.0 = Release|Any CPU
		{A3BB4D15-C3FD-4638-8E10-666B3BEF5D49}.Release|x64.ActiveCfg = Release|Any CPU
		{A3BB4D15-C3FD-4638-8E10-666B3BEF5D49}.Release|x64.Build.0 = Release|Any CPU
		{A3BB4D15-C3FD-4638-8E10-666B3BEF5D49}.Release|x86.ActiveCfg = Release|Any CPU
		{A3BB4D15-C3FD-4638-8E10-666B3BEF5D49}.Release|x86.Build.0 = Release|Any CPU
		{09653709-DAD2-4684-99D4-86D787ECF010}.Debug|Any CPU.ActiveCfg = Debug|Any CPU
		{09653709-DAD2-4684-99D4-86D787ECF010}.Debug|Any CPU.Build.0 = Debug|Any CPU
		{09653709-DAD2-4684-99D4-86D787ECF010}.Debug|x64.ActiveCfg = Debug|Any CPU
		{09653709-DAD2-4684-99D4-86D787ECF010}.Debug|x64.Build.0 = Debug|Any CPU
		{09653709-DAD2-4684-99D4-86D787ECF010}.Debug|x86.ActiveCfg = Debug|Any CPU
		{09653709-DAD2-4684-99D4-86D787ECF010}.Debug|x86.Build.0 = Debug|Any CPU
		{09653709-DAD2-4684-99D4-86D787ECF010}.Release|Any CPU.ActiveCfg = Release|Any CPU
		{09653709-DAD2-4684-99D4-86D787ECF010}.Release|Any CPU.Build.0 = Release|Any CPU
		{09653709-DAD2-4684-99D4-86D787ECF010}.Release|x64.ActiveCfg = Release|Any CPU
		{09653709-DAD2-4684-99D4-86D787ECF010}.Release|x64.Build.0 = Release|Any CPU
		{09653709-DAD2-4684-99D4-86D787ECF010}.Release|x86.ActiveCfg = Release|Any CPU
		{09653709-DAD2-4684-99D4-86D787ECF010}.Release|x86.Build.0 = Release|Any CPU
		{51852EF5-9A94-4023-943F-ADE886EB788E}.Debug|Any CPU.ActiveCfg = Debug|Any CPU
		{51852EF5-9A94-4023-943F-ADE886EB788E}.Debug|Any CPU.Build.0 = Debug|Any CPU
		{51852EF5-9A94-4023-943F-ADE886EB788E}.Debug|x64.ActiveCfg = Debug|Any CPU
		{51852EF5-9A94-4023-943F-ADE886EB788E}.Debug|x64.Build.0 = Debug|Any CPU
		{51852EF5-9A94-4023-943F-ADE886EB788E}.Debug|x86.ActiveCfg = Debug|Any CPU
		{51852EF5-9A94-4023-943F-ADE886EB788E}.Debug|x86.Build.0 = Debug|Any CPU
		{51852EF5-9A94-4023-943F-ADE886EB788E}.Release|Any CPU.ActiveCfg = Release|Any CPU
		{51852EF5-9A94-4023-943F-ADE886EB788E}.Release|Any CPU.Build.0 = Release|Any CPU
		{51852EF5-9A94-4023-943F-ADE886EB788E}.Release|x64.ActiveCfg = Release|Any CPU
		{51852EF5-9A94-4023-943F-ADE886EB788E}.Release|x64.Build.0 = Release|Any CPU
		{51852EF5-9A94-4023-943F-ADE886EB788E}.Release|x86.ActiveCfg = Release|Any CPU
		{51852EF5-9A94-4023-943F-ADE886EB788E}.Release|x86.Build.0 = Release|Any CPU
		{C0C6B763-4753-418D-B608-A46041E6ADF2}.Debug|Any CPU.ActiveCfg = Debug|Any CPU
		{C0C6B763-4753-418D-B608-A46041E6ADF2}.Debug|Any CPU.Build.0 = Debug|Any CPU
		{C0C6B763-4753-418D-B608-A46041E6ADF2}.Debug|x64.ActiveCfg = Debug|Any CPU
		{C0C6B763-4753-418D-B608-A46041E6ADF2}.Debug|x64.Build.0 = Debug|Any CPU
		{C0C6B763-4753-418D-B608-A46041E6ADF2}.Debug|x86.ActiveCfg = Debug|Any CPU
		{C0C6B763-4753-418D-B608-A46041E6ADF2}.Debug|x86.Build.0 = Debug|Any CPU
		{C0C6B763-4753-418D-B608-A46041E6ADF2}.Release|Any CPU.ActiveCfg = Release|Any CPU
		{C0C6B763-4753-418D-B608-A46041E6ADF2}.Release|Any CPU.Build.0 = Release|Any CPU
		{C0C6B763-4753-418D-B608-A46041E6ADF2}.Release|x64.ActiveCfg = Release|Any CPU
		{C0C6B763-4753-418D-B608-A46041E6ADF2}.Release|x64.Build.0 = Release|Any CPU
		{C0C6B763-4753-418D-B608-A46041E6ADF2}.Release|x86.ActiveCfg = Release|Any CPU
		{C0C6B763-4753-418D-B608-A46041E6ADF2}.Release|x86.Build.0 = Release|Any CPU
		{B8894266-0143-4C76-A4F1-1797DFEA5CA2}.Debug|Any CPU.ActiveCfg = Debug|Any CPU
		{B8894266-0143-4C76-A4F1-1797DFEA5CA2}.Debug|Any CPU.Build.0 = Debug|Any CPU
		{B8894266-0143-4C76-A4F1-1797DFEA5CA2}.Debug|x64.ActiveCfg = Debug|Any CPU
		{B8894266-0143-4C76-A4F1-1797DFEA5CA2}.Debug|x64.Build.0 = Debug|Any CPU
		{B8894266-0143-4C76-A4F1-1797DFEA5CA2}.Debug|x86.ActiveCfg = Debug|Any CPU
		{B8894266-0143-4C76-A4F1-1797DFEA5CA2}.Debug|x86.Build.0 = Debug|Any CPU
		{B8894266-0143-4C76-A4F1-1797DFEA5CA2}.Release|Any CPU.ActiveCfg = Release|Any CPU
		{B8894266-0143-4C76-A4F1-1797DFEA5CA2}.Release|Any CPU.Build.0 = Release|Any CPU
		{B8894266-0143-4C76-A4F1-1797DFEA5CA2}.Release|x64.ActiveCfg = Release|Any CPU
		{B8894266-0143-4C76-A4F1-1797DFEA5CA2}.Release|x64.Build.0 = Release|Any CPU
		{B8894266-0143-4C76-A4F1-1797DFEA5CA2}.Release|x86.ActiveCfg = Release|Any CPU
		{B8894266-0143-4C76-A4F1-1797DFEA5CA2}.Release|x86.Build.0 = Release|Any CPU
		{33C5769F-8E9F-4B1F-B894-02579D225117}.Debug|Any CPU.ActiveCfg = Debug|Any CPU
		{33C5769F-8E9F-4B1F-B894-02579D225117}.Debug|Any CPU.Build.0 = Debug|Any CPU
		{33C5769F-8E9F-4B1F-B894-02579D225117}.Debug|x64.ActiveCfg = Debug|Any CPU
		{33C5769F-8E9F-4B1F-B894-02579D225117}.Debug|x64.Build.0 = Debug|Any CPU
		{33C5769F-8E9F-4B1F-B894-02579D225117}.Debug|x86.ActiveCfg = Debug|Any CPU
		{33C5769F-8E9F-4B1F-B894-02579D225117}.Debug|x86.Build.0 = Debug|Any CPU
		{33C5769F-8E9F-4B1F-B894-02579D225117}.Release|Any CPU.ActiveCfg = Release|Any CPU
		{33C5769F-8E9F-4B1F-B894-02579D225117}.Release|Any CPU.Build.0 = Release|Any CPU
		{33C5769F-8E9F-4B1F-B894-02579D225117}.Release|x64.ActiveCfg = Release|Any CPU
		{33C5769F-8E9F-4B1F-B894-02579D225117}.Release|x64.Build.0 = Release|Any CPU
		{33C5769F-8E9F-4B1F-B894-02579D225117}.Release|x86.ActiveCfg = Release|Any CPU
		{33C5769F-8E9F-4B1F-B894-02579D225117}.Release|x86.Build.0 = Release|Any CPU
	EndGlobalSection
	GlobalSection(SolutionProperties) = preSolution
		HideSolutionNode = FALSE
	EndGlobalSection
	GlobalSection(NestedProjects) = preSolution
		{1FE68C80-F4B6-48F8-8947-EE1F73501E84} = {8C12619F-C022-C7E5-F4B3-CADFE37ACCF9}
		{1CB59E74-454C-4151-A833-9D32ECF376E9} = {8C12619F-C022-C7E5-F4B3-CADFE37ACCF9}
		{0D112CA7-C9D9-407A-AF17-1FEB4FE54604} = {8C12619F-C022-C7E5-F4B3-CADFE37ACCF9}
		{0753452A-EDDB-403B-8B50-5B5A8F69BFBA} = {8C12619F-C022-C7E5-F4B3-CADFE37ACCF9}
		{A3BB4D15-C3FD-4638-8E10-666B3BEF5D49} = {8C12619F-C022-C7E5-F4B3-CADFE37ACCF9}
		{09653709-DAD2-4684-99D4-86D787ECF010} = {8C12619F-C022-C7E5-F4B3-CADFE37ACCF9}
		{51852EF5-9A94-4023-943F-ADE886EB788E} = {8C12619F-C022-C7E5-F4B3-CADFE37ACCF9}
		{C0C6B763-4753-418D-B608-A46041E6ADF2} = {8C12619F-C022-C7E5-F4B3-CADFE37ACCF9}
		{B8894266-0143-4C76-A4F1-1797DFEA5CA2} = {8C12619F-C022-C7E5-F4B3-CADFE37ACCF9}
		{33C5769F-8E9F-4B1F-B894-02579D225117} = {8C12619F-C022-C7E5-F4B3-CADFE37ACCF9}
	EndGlobalSection
EndGlobal
